// !$*UTF8*$!
{
	archiveVersion = 1;
	classes = {
	};
	objectVersion = 51;
	objects = {

/* Begin PBXBuildFile section */
		0B098C652351A077000934EB /* LZBNetManager.m in Sources */ = {isa = PBXBuildFile; fileRef = 0B098C642351A077000934EB /* LZBNetManager.m */; };
		0B098C682351B942000934EB /* LZBNetManagerCache.m in Sources */ = {isa = PBXBuildFile; fileRef = 0B098C672351B942000934EB /* LZBNetManagerCache.m */; };
		0B098C6B2351BFE2000934EB /* UIImage+CompressImage.m in Sources */ = {isa = PBXBuildFile; fileRef = 0B098C6A2351BFE2000934EB /* UIImage+CompressImage.m */; };
		0B09920623517A0D001E5389 /* LZBDataEntity.m in Sources */ = {isa = PBXBuildFile; fileRef = 0B09920523517A0D001E5389 /* LZBDataEntity.m */; };
		0B0F6BAE23601E3A00537128 /* UIViewController+HUD.m in Sources */ = {isa = PBXBuildFile; fileRef = 0B0F6BAC23601E3A00537128 /* UIViewController+HUD.m */; };
		0B0F6BB423601F5D00537128 /* MBProgressHUD+LZBvcHelper.m in Sources */ = {isa = PBXBuildFile; fileRef = 0B0F6BB323601F5D00537128 /* MBProgressHUD+LZBvcHelper.m */; };
		0B0F6BB823601FF200537128 /* Utils.m in Sources */ = {isa = PBXBuildFile; fileRef = 0B0F6BB723601FF200537128 /* Utils.m */; };
		0B0F6BBD236020F300537128 /* NSString+LZBValid.m in Sources */ = {isa = PBXBuildFile; fileRef = 0B0F6BBC236020F300537128 /* NSString+LZBValid.m */; };
		0B0F6BD72361A90400537128 /* LZB_TabBarBadge.m in Sources */ = {isa = PBXBuildFile; fileRef = 0B0F6BD52361A90400537128 /* LZB_TabBarBadge.m */; };
		0B0F6BDA2361B43B00537128 /* LZB_TabBarItem.m in Sources */ = {isa = PBXBuildFile; fileRef = 0B0F6BD92361B43B00537128 /* LZB_TabBarItem.m */; };
		0B0F6BDD236294EE00537128 /* LZB_TabBar.m in Sources */ = {isa = PBXBuildFile; fileRef = 0B0F6BDC236294EE00537128 /* LZB_TabBar.m */; };
		0B0F6BE12362C3F500537128 /* WHGradientHelper.m in Sources */ = {isa = PBXBuildFile; fileRef = 0B0F6BDF2362C3F500537128 /* WHGradientHelper.m */; };
		0B0F6BE42362D00600537128 /* MineViewController.m in Sources */ = {isa = PBXBuildFile; fileRef = 0B0F6BE32362D00600537128 /* MineViewController.m */; };
		0B0F6BE72362D79000537128 /* HomeDetailViewController.m in Sources */ = {isa = PBXBuildFile; fileRef = 0B0F6BE62362D79000537128 /* HomeDetailViewController.m */; };
		0B17673F2358471E008979C5 /* NSDate+LZBCalendar.m in Sources */ = {isa = PBXBuildFile; fileRef = 0B17673E2358471D008979C5 /* NSDate+LZBCalendar.m */; };
		0B17674223584758008979C5 /* LZBCalendarMonth.m in Sources */ = {isa = PBXBuildFile; fileRef = 0B17674123584758008979C5 /* LZBCalendarMonth.m */; };
		0B4945D52357258500F19EE2 /* TriangleView.m in Sources */ = {isa = PBXBuildFile; fileRef = 0B4945D32357258500F19EE2 /* TriangleView.m */; };
		0B5E6D4823545DC7008D9A76 /* LZBCalendar.m in Sources */ = {isa = PBXBuildFile; fileRef = 0B5E6D4723545DC7008D9A76 /* LZBCalendar.m */; };
		0B5E6D4C2354728A008D9A76 /* UIColor+lzbColor.m in Sources */ = {isa = PBXBuildFile; fileRef = 0B5E6D4B2354728A008D9A76 /* UIColor+lzbColor.m */; };
		0B6192E6235D570B00BE3BBA /* LZBBaseNavigationController.m in Sources */ = {isa = PBXBuildFile; fileRef = 0B6192E5235D570B00BE3BBA /* LZBBaseNavigationController.m */; };
		0B6192E9235D573600BE3BBA /* LZBBaseTabBarController.m in Sources */ = {isa = PBXBuildFile; fileRef = 0B6192E8235D573600BE3BBA /* LZBBaseTabBarController.m */; };
		0B6192ED235D58E600BE3BBA /* UINavigationBar+handle.m in Sources */ = {isa = PBXBuildFile; fileRef = 0B6192EB235D58E500BE3BBA /* UINavigationBar+handle.m */; };
		0B6192F7235D5E2300BE3BBA /* Mine.storyboard in Resources */ = {isa = PBXBuildFile; fileRef = 0B6192F6235D5E2300BE3BBA /* Mine.storyboard */; };
		0B6192F9235D5E3400BE3BBA /* CTB.storyboard in Resources */ = {isa = PBXBuildFile; fileRef = 0B6192F8235D5E3400BE3BBA /* CTB.storyboard */; };
		0B6192FB235D5E4300BE3BBA /* Home.storyboard in Resources */ = {isa = PBXBuildFile; fileRef = 0B6192FA235D5E4300BE3BBA /* Home.storyboard */; };
		0B619304235D7BC900BE3BBA /* CTBViewController.m in Sources */ = {isa = PBXBuildFile; fileRef = 0B619303235D7BC900BE3BBA /* CTBViewController.m */; };
		0B619307235D7BDC00BE3BBA /* HomeViewController.m in Sources */ = {isa = PBXBuildFile; fileRef = 0B619306235D7BDC00BE3BBA /* HomeViewController.m */; };
		0B92FB5E2350820000D813B3 /* UIFont+LZBExtension.m in Sources */ = {isa = PBXBuildFile; fileRef = 0B92FB5D2350820000D813B3 /* UIFont+LZBExtension.m */; };
		0B92FB63235087A500D813B3 /* UIKit.framework in Frameworks */ = {isa = PBXBuildFile; fileRef = 0B92FB62235087A500D813B3 /* UIKit.framework */; };
		0BBCD66D234DBFAD00E4970A /* AppDelegate.m in Sources */ = {isa = PBXBuildFile; fileRef = 0BBCD66C234DBFAD00E4970A /* AppDelegate.m */; };
		0BBCD670234DBFAD00E4970A /* SceneDelegate.m in Sources */ = {isa = PBXBuildFile; fileRef = 0BBCD66F234DBFAD00E4970A /* SceneDelegate.m */; };
		0BBCD673234DBFAD00E4970A /* ViewController.m in Sources */ = {isa = PBXBuildFile; fileRef = 0BBCD672234DBFAD00E4970A /* ViewController.m */; };
		0BBCD676234DBFAD00E4970A /* Main.storyboard in Resources */ = {isa = PBXBuildFile; fileRef = 0BBCD674234DBFAD00E4970A /* Main.storyboard */; };
		0BBCD678234DBFAE00E4970A /* Assets.xcassets in Resources */ = {isa = PBXBuildFile; fileRef = 0BBCD677234DBFAE00E4970A /* Assets.xcassets */; };
		0BBCD67B234DBFAE00E4970A /* LaunchScreen.storyboard in Resources */ = {isa = PBXBuildFile; fileRef = 0BBCD679234DBFAE00E4970A /* LaunchScreen.storyboard */; };
		0BBCD67E234DBFAE00E4970A /* main.m in Sources */ = {isa = PBXBuildFile; fileRef = 0BBCD67D234DBFAE00E4970A /* main.m */; };
		0BBCD688234DBFAE00E4970A /* LZBProjectTests.m in Sources */ = {isa = PBXBuildFile; fileRef = 0BBCD687234DBFAE00E4970A /* LZBProjectTests.m */; };
		0BBCD693234DBFAE00E4970A /* LZBProjectUITests.m in Sources */ = {isa = PBXBuildFile; fileRef = 0BBCD692234DBFAE00E4970A /* LZBProjectUITests.m */; };
		0BBE476A235959A600D30C4B /* LZBCalendarHeaderView.m in Sources */ = {isa = PBXBuildFile; fileRef = 0BBE4769235959A600D30C4B /* LZBCalendarHeaderView.m */; };
		0BBE476D235959C400D30C4B /* LZBCalendarWeekView.m in Sources */ = {isa = PBXBuildFile; fileRef = 0BBE476C235959C400D30C4B /* LZBCalendarWeekView.m */; };
		0BBE4770235990A100D30C4B /* LZBCalendarDayModel.m in Sources */ = {isa = PBXBuildFile; fileRef = 0BBE476F235990A100D30C4B /* LZBCalendarDayModel.m */; };
		0BBE47742359989500D30C4B /* LXCalenderCell.m in Sources */ = {isa = PBXBuildFile; fileRef = 0BBE47712359989500D30C4B /* LXCalenderCell.m */; };
		0BBE47752359989500D30C4B /* LXCalenderCell.xib in Resources */ = {isa = PBXBuildFile; fileRef = 0BBE47732359989500D30C4B /* LXCalenderCell.xib */; };
		0BBE47782359B0FD00D30C4B /* LZBBaseViewController.m in Sources */ = {isa = PBXBuildFile; fileRef = 0BBE47772359B0FD00D30C4B /* LZBBaseViewController.m */; };
		170A91ACB3928B17BD894640 /* Pods_LZBProject.framework in Frameworks */ = {isa = PBXBuildFile; fileRef = EDB157E39B72C782CE1C605C /* Pods_LZBProject.framework */; };
		34045572ED131BFDD841F7D6 /* Pods_LZBProject_LZBProjectUITests.framework in Frameworks */ = {isa = PBXBuildFile; fileRef = C550EACB8D5970549A539515 /* Pods_LZBProject_LZBProjectUITests.framework */; };
		85F372E2BD4721F567D05450 /* Pods_LZBProjectTests.framework in Frameworks */ = {isa = PBXBuildFile; fileRef = 577831C8F43BC61BE0D68512 /* Pods_LZBProjectTests.framework */; };
		8B4D1C5623618CD2008B2CCA /* LoginViewController.m in Sources */ = {isa = PBXBuildFile; fileRef = 8B4D1C5023618CD2008B2CCA /* LoginViewController.m */; };
		8B4D1C5823618CD2008B2CCA /* UserNoticeView.m in Sources */ = {isa = PBXBuildFile; fileRef = 8B4D1C5423618CD2008B2CCA /* UserNoticeView.m */; };
		8B6B6A0B2362D8C2008B7585 /* login_bg@3x.png in Resources */ = {isa = PBXBuildFile; fileRef = 8B6B6A082362D8C2008B7585 /* login_bg@3x.png */; };
		8B6B6A0C2362D8C2008B7585 /* login_bg.png in Resources */ = {isa = PBXBuildFile; fileRef = 8B6B6A092362D8C2008B7585 /* login_bg.png */; };
		8B6B6A0D2362D8C2008B7585 /* login_bg@2x.png in Resources */ = {isa = PBXBuildFile; fileRef = 8B6B6A0A2362D8C2008B7585 /* login_bg@2x.png */; };
		8B6B6A112362D905008B7585 /* LYZTextField.m in Sources */ = {isa = PBXBuildFile; fileRef = 8B6B6A0F2362D905008B7585 /* LYZTextField.m */; };
		8BCD1226236192F600BCCB08 /* Login.storyboard in Resources */ = {isa = PBXBuildFile; fileRef = 8BCD1225236192F600BCCB08 /* Login.storyboard */; };
/* End PBXBuildFile section */

/* Begin PBXContainerItemProxy section */
		0BBCD684234DBFAE00E4970A /* PBXContainerItemProxy */ = {
			isa = PBXContainerItemProxy;
			containerPortal = 0BBCD660234DBFAD00E4970A /* Project object */;
			proxyType = 1;
			remoteGlobalIDString = 0BBCD667234DBFAD00E4970A;
			remoteInfo = LZBProject;
		};
		0BBCD68F234DBFAE00E4970A /* PBXContainerItemProxy */ = {
			isa = PBXContainerItemProxy;
			containerPortal = 0BBCD660234DBFAD00E4970A /* Project object */;
			proxyType = 1;
			remoteGlobalIDString = 0BBCD667234DBFAD00E4970A;
			remoteInfo = LZBProject;
		};
/* End PBXContainerItemProxy section */

/* Begin PBXFileReference section */
		099B13D8A8E252E4F18BC6C5 /* Pods-LZBProject.debug.xcconfig */ = {isa = PBXFileReference; includeInIndex = 1; lastKnownFileType = text.xcconfig; name = "Pods-LZBProject.debug.xcconfig"; path = "Target Support Files/Pods-LZBProject/Pods-LZBProject.debug.xcconfig"; sourceTree = "<group>"; };
		0B098C6223519FF3000934EB /* LZBNetManager_OC.h */ = {isa = PBXFileReference; lastKnownFileType = sourcecode.c.h; path = LZBNetManager_OC.h; sourceTree = "<group>"; };
		0B098C632351A077000934EB /* LZBNetManager.h */ = {isa = PBXFileReference; lastKnownFileType = sourcecode.c.h; path = LZBNetManager.h; sourceTree = "<group>"; };
		0B098C642351A077000934EB /* LZBNetManager.m */ = {isa = PBXFileReference; lastKnownFileType = sourcecode.c.objc; path = LZBNetManager.m; sourceTree = "<group>"; };
		0B098C662351B942000934EB /* LZBNetManagerCache.h */ = {isa = PBXFileReference; lastKnownFileType = sourcecode.c.h; path = LZBNetManagerCache.h; sourceTree = "<group>"; };
		0B098C672351B942000934EB /* LZBNetManagerCache.m */ = {isa = PBXFileReference; lastKnownFileType = sourcecode.c.objc; path = LZBNetManagerCache.m; sourceTree = "<group>"; };
		0B098C692351BFE2000934EB /* UIImage+CompressImage.h */ = {isa = PBXFileReference; lastKnownFileType = sourcecode.c.h; path = "UIImage+CompressImage.h"; sourceTree = "<group>"; };
		0B098C6A2351BFE2000934EB /* UIImage+CompressImage.m */ = {isa = PBXFileReference; lastKnownFileType = sourcecode.c.objc; path = "UIImage+CompressImage.m"; sourceTree = "<group>"; };
		0B09920423517A0D001E5389 /* LZBDataEntity.h */ = {isa = PBXFileReference; lastKnownFileType = sourcecode.c.h; path = LZBDataEntity.h; sourceTree = "<group>"; };
		0B09920523517A0D001E5389 /* LZBDataEntity.m */ = {isa = PBXFileReference; lastKnownFileType = sourcecode.c.objc; path = LZBDataEntity.m; sourceTree = "<group>"; };
		0B0F6BAC23601E3A00537128 /* UIViewController+HUD.m */ = {isa = PBXFileReference; fileEncoding = 4; lastKnownFileType = sourcecode.c.objc; path = "UIViewController+HUD.m"; sourceTree = "<group>"; };
		0B0F6BAD23601E3A00537128 /* UIViewController+HUD.h */ = {isa = PBXFileReference; fileEncoding = 4; lastKnownFileType = sourcecode.c.h; path = "UIViewController+HUD.h"; sourceTree = "<group>"; };
		0B0F6BB223601F5D00537128 /* MBProgressHUD+LZBvcHelper.h */ = {isa = PBXFileReference; lastKnownFileType = sourcecode.c.h; path = "MBProgressHUD+LZBvcHelper.h"; sourceTree = "<group>"; };
		0B0F6BB323601F5D00537128 /* MBProgressHUD+LZBvcHelper.m */ = {isa = PBXFileReference; lastKnownFileType = sourcecode.c.objc; path = "MBProgressHUD+LZBvcHelper.m"; sourceTree = "<group>"; };
		0B0F6BB623601FF200537128 /* Utils.h */ = {isa = PBXFileReference; lastKnownFileType = sourcecode.c.h; path = Utils.h; sourceTree = "<group>"; };
		0B0F6BB723601FF200537128 /* Utils.m */ = {isa = PBXFileReference; lastKnownFileType = sourcecode.c.objc; path = Utils.m; sourceTree = "<group>"; };
		0B0F6BBB236020F300537128 /* NSString+LZBValid.h */ = {isa = PBXFileReference; lastKnownFileType = sourcecode.c.h; path = "NSString+LZBValid.h"; sourceTree = "<group>"; };
		0B0F6BBC236020F300537128 /* NSString+LZBValid.m */ = {isa = PBXFileReference; lastKnownFileType = sourcecode.c.objc; path = "NSString+LZBValid.m"; sourceTree = "<group>"; };
		0B0F6BD52361A90400537128 /* LZB_TabBarBadge.m */ = {isa = PBXFileReference; fileEncoding = 4; lastKnownFileType = sourcecode.c.objc; path = LZB_TabBarBadge.m; sourceTree = "<group>"; };
		0B0F6BD62361A90400537128 /* LZB_TabBarBadge.h */ = {isa = PBXFileReference; fileEncoding = 4; lastKnownFileType = sourcecode.c.h; path = LZB_TabBarBadge.h; sourceTree = "<group>"; };
		0B0F6BD82361B43B00537128 /* LZB_TabBarItem.h */ = {isa = PBXFileReference; lastKnownFileType = sourcecode.c.h; path = LZB_TabBarItem.h; sourceTree = "<group>"; };
		0B0F6BD92361B43B00537128 /* LZB_TabBarItem.m */ = {isa = PBXFileReference; lastKnownFileType = sourcecode.c.objc; path = LZB_TabBarItem.m; sourceTree = "<group>"; };
		0B0F6BDB236294EE00537128 /* LZB_TabBar.h */ = {isa = PBXFileReference; lastKnownFileType = sourcecode.c.h; path = LZB_TabBar.h; sourceTree = "<group>"; };
		0B0F6BDC236294EE00537128 /* LZB_TabBar.m */ = {isa = PBXFileReference; lastKnownFileType = sourcecode.c.objc; path = LZB_TabBar.m; sourceTree = "<group>"; };
		0B0F6BDF2362C3F500537128 /* WHGradientHelper.m */ = {isa = PBXFileReference; fileEncoding = 4; lastKnownFileType = sourcecode.c.objc; path = WHGradientHelper.m; sourceTree = "<group>"; };
		0B0F6BE02362C3F500537128 /* WHGradientHelper.h */ = {isa = PBXFileReference; fileEncoding = 4; lastKnownFileType = sourcecode.c.h; path = WHGradientHelper.h; sourceTree = "<group>"; };
		0B0F6BE22362D00600537128 /* MineViewController.h */ = {isa = PBXFileReference; lastKnownFileType = sourcecode.c.h; path = MineViewController.h; sourceTree = "<group>"; };
		0B0F6BE32362D00600537128 /* MineViewController.m */ = {isa = PBXFileReference; lastKnownFileType = sourcecode.c.objc; path = MineViewController.m; sourceTree = "<group>"; };
		0B0F6BE52362D79000537128 /* HomeDetailViewController.h */ = {isa = PBXFileReference; lastKnownFileType = sourcecode.c.h; path = HomeDetailViewController.h; sourceTree = "<group>"; };
		0B0F6BE62362D79000537128 /* HomeDetailViewController.m */ = {isa = PBXFileReference; lastKnownFileType = sourcecode.c.objc; path = HomeDetailViewController.m; sourceTree = "<group>"; };
		0B0F6BE82362E46700537128 /* LZBUtilsMacro.h */ = {isa = PBXFileReference; lastKnownFileType = sourcecode.c.h; path = LZBUtilsMacro.h; sourceTree = "<group>"; };
		0B17673D2358471D008979C5 /* NSDate+LZBCalendar.h */ = {isa = PBXFileReference; lastKnownFileType = sourcecode.c.h; path = "NSDate+LZBCalendar.h"; sourceTree = "<group>"; };
		0B17673E2358471D008979C5 /* NSDate+LZBCalendar.m */ = {isa = PBXFileReference; lastKnownFileType = sourcecode.c.objc; path = "NSDate+LZBCalendar.m"; sourceTree = "<group>"; };
		0B17674023584758008979C5 /* LZBCalendarMonth.h */ = {isa = PBXFileReference; lastKnownFileType = sourcecode.c.h; path = LZBCalendarMonth.h; sourceTree = "<group>"; };
		0B17674123584758008979C5 /* LZBCalendarMonth.m */ = {isa = PBXFileReference; lastKnownFileType = sourcecode.c.objc; path = LZBCalendarMonth.m; sourceTree = "<group>"; };
		0B4945D32357258500F19EE2 /* TriangleView.m */ = {isa = PBXFileReference; fileEncoding = 4; lastKnownFileType = sourcecode.c.objc; path = TriangleView.m; sourceTree = "<group>"; };
		0B4945D42357258500F19EE2 /* TriangleView.h */ = {isa = PBXFileReference; fileEncoding = 4; lastKnownFileType = sourcecode.c.h; path = TriangleView.h; sourceTree = "<group>"; };
		0B5E6D4623545DC7008D9A76 /* LZBCalendar.h */ = {isa = PBXFileReference; lastKnownFileType = sourcecode.c.h; path = LZBCalendar.h; sourceTree = "<group>"; };
		0B5E6D4723545DC7008D9A76 /* LZBCalendar.m */ = {isa = PBXFileReference; lastKnownFileType = sourcecode.c.objc; path = LZBCalendar.m; sourceTree = "<group>"; };
		0B5E6D4A2354728A008D9A76 /* UIColor+lzbColor.h */ = {isa = PBXFileReference; lastKnownFileType = sourcecode.c.h; path = "UIColor+lzbColor.h"; sourceTree = "<group>"; };
		0B5E6D4B2354728A008D9A76 /* UIColor+lzbColor.m */ = {isa = PBXFileReference; lastKnownFileType = sourcecode.c.objc; path = "UIColor+lzbColor.m"; sourceTree = "<group>"; };
		0B6192E4235D570B00BE3BBA /* LZBBaseNavigationController.h */ = {isa = PBXFileReference; lastKnownFileType = sourcecode.c.h; path = LZBBaseNavigationController.h; sourceTree = "<group>"; };
		0B6192E5235D570B00BE3BBA /* LZBBaseNavigationController.m */ = {isa = PBXFileReference; lastKnownFileType = sourcecode.c.objc; path = LZBBaseNavigationController.m; sourceTree = "<group>"; };
		0B6192E7235D573600BE3BBA /* LZBBaseTabBarController.h */ = {isa = PBXFileReference; lastKnownFileType = sourcecode.c.h; path = LZBBaseTabBarController.h; sourceTree = "<group>"; };
		0B6192E8235D573600BE3BBA /* LZBBaseTabBarController.m */ = {isa = PBXFileReference; lastKnownFileType = sourcecode.c.objc; path = LZBBaseTabBarController.m; sourceTree = "<group>"; };
		0B6192EB235D58E500BE3BBA /* UINavigationBar+handle.m */ = {isa = PBXFileReference; fileEncoding = 4; lastKnownFileType = sourcecode.c.objc; path = "UINavigationBar+handle.m"; sourceTree = "<group>"; };
		0B6192EC235D58E500BE3BBA /* UINavigationBar+handle.h */ = {isa = PBXFileReference; fileEncoding = 4; lastKnownFileType = sourcecode.c.h; path = "UINavigationBar+handle.h"; sourceTree = "<group>"; };
		0B6192F6235D5E2300BE3BBA /* Mine.storyboard */ = {isa = PBXFileReference; lastKnownFileType = file.storyboard; path = Mine.storyboard; sourceTree = "<group>"; };
		0B6192F8235D5E3400BE3BBA /* CTB.storyboard */ = {isa = PBXFileReference; lastKnownFileType = file.storyboard; path = CTB.storyboard; sourceTree = "<group>"; };
		0B6192FA235D5E4300BE3BBA /* Home.storyboard */ = {isa = PBXFileReference; lastKnownFileType = file.storyboard; path = Home.storyboard; sourceTree = "<group>"; };
		0B619302235D7BC900BE3BBA /* CTBViewController.h */ = {isa = PBXFileReference; lastKnownFileType = sourcecode.c.h; path = CTBViewController.h; sourceTree = "<group>"; };
		0B619303235D7BC900BE3BBA /* CTBViewController.m */ = {isa = PBXFileReference; lastKnownFileType = sourcecode.c.objc; path = CTBViewController.m; sourceTree = "<group>"; };
		0B619305235D7BDC00BE3BBA /* HomeViewController.h */ = {isa = PBXFileReference; lastKnownFileType = sourcecode.c.h; path = HomeViewController.h; sourceTree = "<group>"; };
		0B619306235D7BDC00BE3BBA /* HomeViewController.m */ = {isa = PBXFileReference; lastKnownFileType = sourcecode.c.objc; path = HomeViewController.m; sourceTree = "<group>"; };
		0B92FB5023500F7100D813B3 /* PrefixHeader.pch */ = {isa = PBXFileReference; lastKnownFileType = sourcecode.c.h; path = PrefixHeader.pch; sourceTree = "<group>"; };
		0B92FB552350175200D813B3 /* LZBMainMacro.h */ = {isa = PBXFileReference; lastKnownFileType = sourcecode.c.h; path = LZBMainMacro.h; sourceTree = "<group>"; };
		0B92FB56235028C400D813B3 /* HeaderFile.h */ = {isa = PBXFileReference; lastKnownFileType = sourcecode.c.h; path = HeaderFile.h; sourceTree = "<group>"; };
		0B92FB57235028FE00D813B3 /* LZBMainColorMacro.h */ = {isa = PBXFileReference; lastKnownFileType = sourcecode.c.h; path = LZBMainColorMacro.h; sourceTree = "<group>"; };
		0B92FB582350291500D813B3 /* LZBMainTextFont.h */ = {isa = PBXFileReference; lastKnownFileType = sourcecode.c.h; path = LZBMainTextFont.h; sourceTree = "<group>"; };
		0B92FB5C2350820000D813B3 /* UIFont+LZBExtension.h */ = {isa = PBXFileReference; lastKnownFileType = sourcecode.c.h; path = "UIFont+LZBExtension.h"; sourceTree = "<group>"; };
		0B92FB5D2350820000D813B3 /* UIFont+LZBExtension.m */ = {isa = PBXFileReference; lastKnownFileType = sourcecode.c.objc; path = "UIFont+LZBExtension.m"; sourceTree = "<group>"; };
		0B92FB62235087A500D813B3 /* UIKit.framework */ = {isa = PBXFileReference; lastKnownFileType = wrapper.framework; name = UIKit.framework; path = System/Library/Frameworks/UIKit.framework; sourceTree = SDKROOT; };
		0BBCD668234DBFAD00E4970A /* LZBProject.app */ = {isa = PBXFileReference; explicitFileType = wrapper.application; includeInIndex = 0; path = LZBProject.app; sourceTree = BUILT_PRODUCTS_DIR; };
		0BBCD66B234DBFAD00E4970A /* AppDelegate.h */ = {isa = PBXFileReference; lastKnownFileType = sourcecode.c.h; path = AppDelegate.h; sourceTree = "<group>"; };
		0BBCD66C234DBFAD00E4970A /* AppDelegate.m */ = {isa = PBXFileReference; lastKnownFileType = sourcecode.c.objc; path = AppDelegate.m; sourceTree = "<group>"; };
		0BBCD66E234DBFAD00E4970A /* SceneDelegate.h */ = {isa = PBXFileReference; lastKnownFileType = sourcecode.c.h; path = SceneDelegate.h; sourceTree = "<group>"; };
		0BBCD66F234DBFAD00E4970A /* SceneDelegate.m */ = {isa = PBXFileReference; lastKnownFileType = sourcecode.c.objc; path = SceneDelegate.m; sourceTree = "<group>"; };
		0BBCD671234DBFAD00E4970A /* ViewController.h */ = {isa = PBXFileReference; lastKnownFileType = sourcecode.c.h; path = ViewController.h; sourceTree = "<group>"; };
		0BBCD672234DBFAD00E4970A /* ViewController.m */ = {isa = PBXFileReference; lastKnownFileType = sourcecode.c.objc; path = ViewController.m; sourceTree = "<group>"; };
		0BBCD675234DBFAD00E4970A /* Base */ = {isa = PBXFileReference; lastKnownFileType = file.storyboard; name = Base; path = Base.lproj/Main.storyboard; sourceTree = "<group>"; };
		0BBCD677234DBFAE00E4970A /* Assets.xcassets */ = {isa = PBXFileReference; lastKnownFileType = folder.assetcatalog; path = Assets.xcassets; sourceTree = "<group>"; };
		0BBCD67A234DBFAE00E4970A /* Base */ = {isa = PBXFileReference; lastKnownFileType = file.storyboard; name = Base; path = Base.lproj/LaunchScreen.storyboard; sourceTree = "<group>"; };
		0BBCD67C234DBFAE00E4970A /* Info.plist */ = {isa = PBXFileReference; lastKnownFileType = text.plist.xml; name = Info.plist; path = ../Info.plist; sourceTree = "<group>"; };
		0BBCD67D234DBFAE00E4970A /* main.m */ = {isa = PBXFileReference; lastKnownFileType = sourcecode.c.objc; name = main.m; path = ../main.m; sourceTree = "<group>"; };
		0BBCD683234DBFAE00E4970A /* LZBProjectTests.xctest */ = {isa = PBXFileReference; explicitFileType = wrapper.cfbundle; includeInIndex = 0; path = LZBProjectTests.xctest; sourceTree = BUILT_PRODUCTS_DIR; };
		0BBCD687234DBFAE00E4970A /* LZBProjectTests.m */ = {isa = PBXFileReference; lastKnownFileType = sourcecode.c.objc; path = LZBProjectTests.m; sourceTree = "<group>"; };
		0BBCD689234DBFAE00E4970A /* Info.plist */ = {isa = PBXFileReference; lastKnownFileType = text.plist.xml; path = Info.plist; sourceTree = "<group>"; };
		0BBCD68E234DBFAE00E4970A /* LZBProjectUITests.xctest */ = {isa = PBXFileReference; explicitFileType = wrapper.cfbundle; includeInIndex = 0; path = LZBProjectUITests.xctest; sourceTree = BUILT_PRODUCTS_DIR; };
		0BBCD692234DBFAE00E4970A /* LZBProjectUITests.m */ = {isa = PBXFileReference; lastKnownFileType = sourcecode.c.objc; path = LZBProjectUITests.m; sourceTree = "<group>"; };
		0BBCD694234DBFAE00E4970A /* Info.plist */ = {isa = PBXFileReference; lastKnownFileType = text.plist.xml; path = Info.plist; sourceTree = "<group>"; };
		0BBE4768235959A600D30C4B /* LZBCalendarHeaderView.h */ = {isa = PBXFileReference; lastKnownFileType = sourcecode.c.h; path = LZBCalendarHeaderView.h; sourceTree = "<group>"; };
		0BBE4769235959A600D30C4B /* LZBCalendarHeaderView.m */ = {isa = PBXFileReference; lastKnownFileType = sourcecode.c.objc; path = LZBCalendarHeaderView.m; sourceTree = "<group>"; };
		0BBE476B235959C400D30C4B /* LZBCalendarWeekView.h */ = {isa = PBXFileReference; lastKnownFileType = sourcecode.c.h; path = LZBCalendarWeekView.h; sourceTree = "<group>"; };
		0BBE476C235959C400D30C4B /* LZBCalendarWeekView.m */ = {isa = PBXFileReference; lastKnownFileType = sourcecode.c.objc; path = LZBCalendarWeekView.m; sourceTree = "<group>"; };
		0BBE476E235990A100D30C4B /* LZBCalendarDayModel.h */ = {isa = PBXFileReference; lastKnownFileType = sourcecode.c.h; path = LZBCalendarDayModel.h; sourceTree = "<group>"; };
		0BBE476F235990A100D30C4B /* LZBCalendarDayModel.m */ = {isa = PBXFileReference; lastKnownFileType = sourcecode.c.objc; path = LZBCalendarDayModel.m; sourceTree = "<group>"; };
		0BBE47712359989500D30C4B /* LXCalenderCell.m */ = {isa = PBXFileReference; fileEncoding = 4; lastKnownFileType = sourcecode.c.objc; path = LXCalenderCell.m; sourceTree = "<group>"; };
		0BBE47722359989500D30C4B /* LXCalenderCell.h */ = {isa = PBXFileReference; fileEncoding = 4; lastKnownFileType = sourcecode.c.h; path = LXCalenderCell.h; sourceTree = "<group>"; };
		0BBE47732359989500D30C4B /* LXCalenderCell.xib */ = {isa = PBXFileReference; fileEncoding = 4; lastKnownFileType = file.xib; path = LXCalenderCell.xib; sourceTree = "<group>"; };
		0BBE47762359B0FD00D30C4B /* LZBBaseViewController.h */ = {isa = PBXFileReference; lastKnownFileType = sourcecode.c.h; path = LZBBaseViewController.h; sourceTree = "<group>"; };
		0BBE47772359B0FD00D30C4B /* LZBBaseViewController.m */ = {isa = PBXFileReference; lastKnownFileType = sourcecode.c.objc; path = LZBBaseViewController.m; sourceTree = "<group>"; };
		23FB01E150EBC5D9CF6D00A2 /* Pods-LZBProject.release.xcconfig */ = {isa = PBXFileReference; includeInIndex = 1; lastKnownFileType = text.xcconfig; name = "Pods-LZBProject.release.xcconfig"; path = "Target Support Files/Pods-LZBProject/Pods-LZBProject.release.xcconfig"; sourceTree = "<group>"; };
		577831C8F43BC61BE0D68512 /* Pods_LZBProjectTests.framework */ = {isa = PBXFileReference; explicitFileType = wrapper.framework; includeInIndex = 0; path = Pods_LZBProjectTests.framework; sourceTree = BUILT_PRODUCTS_DIR; };
		770848CE74481CA6FF8ECE16 /* Pods-LZBProject-LZBProjectUITests.debug.xcconfig */ = {isa = PBXFileReference; includeInIndex = 1; lastKnownFileType = text.xcconfig; name = "Pods-LZBProject-LZBProjectUITests.debug.xcconfig"; path = "Target Support Files/Pods-LZBProject-LZBProjectUITests/Pods-LZBProject-LZBProjectUITests.debug.xcconfig"; sourceTree = "<group>"; };
		8B4D1C5023618CD2008B2CCA /* LoginViewController.m */ = {isa = PBXFileReference; fileEncoding = 4; lastKnownFileType = sourcecode.c.objc; path = LoginViewController.m; sourceTree = "<group>"; };
		8B4D1C5223618CD2008B2CCA /* LoginViewController.h */ = {isa = PBXFileReference; fileEncoding = 4; lastKnownFileType = sourcecode.c.h; path = LoginViewController.h; sourceTree = "<group>"; };
		8B4D1C5423618CD2008B2CCA /* UserNoticeView.m */ = {isa = PBXFileReference; fileEncoding = 4; lastKnownFileType = sourcecode.c.objc; path = UserNoticeView.m; sourceTree = "<group>"; };
		8B4D1C5523618CD2008B2CCA /* UserNoticeView.h */ = {isa = PBXFileReference; fileEncoding = 4; lastKnownFileType = sourcecode.c.h; path = UserNoticeView.h; sourceTree = "<group>"; };
		8B6B6A082362D8C2008B7585 /* login_bg@3x.png */ = {isa = PBXFileReference; lastKnownFileType = image.png; path = "login_bg@3x.png"; sourceTree = "<group>"; };
		8B6B6A092362D8C2008B7585 /* login_bg.png */ = {isa = PBXFileReference; lastKnownFileType = image.png; path = login_bg.png; sourceTree = "<group>"; };
		8B6B6A0A2362D8C2008B7585 /* login_bg@2x.png */ = {isa = PBXFileReference; lastKnownFileType = image.png; path = "login_bg@2x.png"; sourceTree = "<group>"; };
		8B6B6A0F2362D905008B7585 /* LYZTextField.m */ = {isa = PBXFileReference; fileEncoding = 4; lastKnownFileType = sourcecode.c.objc; path = LYZTextField.m; sourceTree = "<group>"; };
		8B6B6A102362D905008B7585 /* LYZTextField.h */ = {isa = PBXFileReference; fileEncoding = 4; lastKnownFileType = sourcecode.c.h; path = LYZTextField.h; sourceTree = "<group>"; };
		8BCD1225236192F600BCCB08 /* Login.storyboard */ = {isa = PBXFileReference; lastKnownFileType = file.storyboard; path = Login.storyboard; sourceTree = "<group>"; };
		9AE17617E18522B97D9845A4 /* Pods-LZBProjectTests.release.xcconfig */ = {isa = PBXFileReference; includeInIndex = 1; lastKnownFileType = text.xcconfig; name = "Pods-LZBProjectTests.release.xcconfig"; path = "Target Support Files/Pods-LZBProjectTests/Pods-LZBProjectTests.release.xcconfig"; sourceTree = "<group>"; };
		A33E99BEAFCC1F68B0B814EB /* Pods-LZBProjectTests.debug.xcconfig */ = {isa = PBXFileReference; includeInIndex = 1; lastKnownFileType = text.xcconfig; name = "Pods-LZBProjectTests.debug.xcconfig"; path = "Target Support Files/Pods-LZBProjectTests/Pods-LZBProjectTests.debug.xcconfig"; sourceTree = "<group>"; };
		C550EACB8D5970549A539515 /* Pods_LZBProject_LZBProjectUITests.framework */ = {isa = PBXFileReference; explicitFileType = wrapper.framework; includeInIndex = 0; path = Pods_LZBProject_LZBProjectUITests.framework; sourceTree = BUILT_PRODUCTS_DIR; };
		CBF14C585C96A1396A7EB144 /* Pods-LZBProject-LZBProjectUITests.release.xcconfig */ = {isa = PBXFileReference; includeInIndex = 1; lastKnownFileType = text.xcconfig; name = "Pods-LZBProject-LZBProjectUITests.release.xcconfig"; path = "Target Support Files/Pods-LZBProject-LZBProjectUITests/Pods-LZBProject-LZBProjectUITests.release.xcconfig"; sourceTree = "<group>"; };
		EDB157E39B72C782CE1C605C /* Pods_LZBProject.framework */ = {isa = PBXFileReference; explicitFileType = wrapper.framework; includeInIndex = 0; path = Pods_LZBProject.framework; sourceTree = BUILT_PRODUCTS_DIR; };
/* End PBXFileReference section */

/* Begin PBXFrameworksBuildPhase section */
		0BBCD665234DBFAD00E4970A /* Frameworks */ = {
			isa = PBXFrameworksBuildPhase;
			buildActionMask = 2147483647;
			files = (
				170A91ACB3928B17BD894640 /* Pods_LZBProject.framework in Frameworks */,
				0B92FB63235087A500D813B3 /* UIKit.framework in Frameworks */,
			);
			runOnlyForDeploymentPostprocessing = 0;
		};
		0BBCD680234DBFAE00E4970A /* Frameworks */ = {
			isa = PBXFrameworksBuildPhase;
			buildActionMask = 2147483647;
			files = (
				85F372E2BD4721F567D05450 /* Pods_LZBProjectTests.framework in Frameworks */,
			);
			runOnlyForDeploymentPostprocessing = 0;
		};
		0BBCD68B234DBFAE00E4970A /* Frameworks */ = {
			isa = PBXFrameworksBuildPhase;
			buildActionMask = 2147483647;
			files = (
				34045572ED131BFDD841F7D6 /* Pods_LZBProject_LZBProjectUITests.framework in Frameworks */,
			);
			runOnlyForDeploymentPostprocessing = 0;
		};
/* End PBXFrameworksBuildPhase section */

/* Begin PBXGroup section */
		0B0F6BB523601FD500537128 /* Utils */ = {
			isa = PBXGroup;
			children = (
				0B0F6BB623601FF200537128 /* Utils.h */,
				0B0F6BB723601FF200537128 /* Utils.m */,
			);
			path = Utils;
			sourceTree = "<group>";
		};
		0B0F6BBA236020C900537128 /* NSString */ = {
			isa = PBXGroup;
			children = (
				0B0F6BBB236020F300537128 /* NSString+LZBValid.h */,
				0B0F6BBC236020F300537128 /* NSString+LZBValid.m */,
			);
			path = NSString;
			sourceTree = "<group>";
		};
		0B0F6BD42361A90400537128 /* LZBTabBar */ = {
			isa = PBXGroup;
			children = (
				0B0F6BD62361A90400537128 /* LZB_TabBarBadge.h */,
				0B0F6BD52361A90400537128 /* LZB_TabBarBadge.m */,
				0B0F6BD82361B43B00537128 /* LZB_TabBarItem.h */,
				0B0F6BD92361B43B00537128 /* LZB_TabBarItem.m */,
				0B0F6BDB236294EE00537128 /* LZB_TabBar.h */,
				0B0F6BDC236294EE00537128 /* LZB_TabBar.m */,
			);
			path = LZBTabBar;
			sourceTree = "<group>";
		};
		0B0F6BDE2362C3CD00537128 /* GradientHelper(View渐变) */ = {
			isa = PBXGroup;
			children = (
				0B0F6BE02362C3F500537128 /* WHGradientHelper.h */,
				0B0F6BDF2362C3F500537128 /* WHGradientHelper.m */,
			);
			path = "GradientHelper(View渐变)";
			sourceTree = "<group>";
		};
		0B5E6D4523545D76008D9A76 /* LZBCalendar */ = {
			isa = PBXGroup;
			children = (
				0B4945D42357258500F19EE2 /* TriangleView.h */,
				0B4945D32357258500F19EE2 /* TriangleView.m */,
				0B5E6D4623545DC7008D9A76 /* LZBCalendar.h */,
				0B5E6D4723545DC7008D9A76 /* LZBCalendar.m */,
				0B17673D2358471D008979C5 /* NSDate+LZBCalendar.h */,
				0B17673E2358471D008979C5 /* NSDate+LZBCalendar.m */,
				0B17674023584758008979C5 /* LZBCalendarMonth.h */,
				0B17674123584758008979C5 /* LZBCalendarMonth.m */,
				0BBE4768235959A600D30C4B /* LZBCalendarHeaderView.h */,
				0BBE4769235959A600D30C4B /* LZBCalendarHeaderView.m */,
				0BBE476B235959C400D30C4B /* LZBCalendarWeekView.h */,
				0BBE476C235959C400D30C4B /* LZBCalendarWeekView.m */,
				0BBE476E235990A100D30C4B /* LZBCalendarDayModel.h */,
				0BBE476F235990A100D30C4B /* LZBCalendarDayModel.m */,
				0BBE47722359989500D30C4B /* LXCalenderCell.h */,
				0BBE47712359989500D30C4B /* LXCalenderCell.m */,
				0BBE47732359989500D30C4B /* LXCalenderCell.xib */,
			);
			path = LZBCalendar;
			sourceTree = "<group>";
		};
		0B5E6D4923547264008D9A76 /* LZBColor */ = {
			isa = PBXGroup;
			children = (
				0B5E6D4A2354728A008D9A76 /* UIColor+lzbColor.h */,
				0B5E6D4B2354728A008D9A76 /* UIColor+lzbColor.m */,
			);
			path = LZBColor;
			sourceTree = "<group>";
		};
		0B6192E3235D457100BE3BBA /* LZBBase */ = {
			isa = PBXGroup;
			children = (
				0B0F6BD42361A90400537128 /* LZBTabBar */,
				0BBE47762359B0FD00D30C4B /* LZBBaseViewController.h */,
				0BBE47772359B0FD00D30C4B /* LZBBaseViewController.m */,
				0B6192E4235D570B00BE3BBA /* LZBBaseNavigationController.h */,
				0B6192E5235D570B00BE3BBA /* LZBBaseNavigationController.m */,
				0B6192E7235D573600BE3BBA /* LZBBaseTabBarController.h */,
				0B6192E8235D573600BE3BBA /* LZBBaseTabBarController.m */,
			);
			path = LZBBase;
			sourceTree = "<group>";
		};
		0B6192EA235D58D300BE3BBA /* Core */ = {
			isa = PBXGroup;
			children = (
				0B0F6BAD23601E3A00537128 /* UIViewController+HUD.h */,
				0B0F6BAC23601E3A00537128 /* UIViewController+HUD.m */,
				0B6192EC235D58E500BE3BBA /* UINavigationBar+handle.h */,
				0B6192EB235D58E500BE3BBA /* UINavigationBar+handle.m */,
				0B0F6BB223601F5D00537128 /* MBProgressHUD+LZBvcHelper.h */,
				0B0F6BB323601F5D00537128 /* MBProgressHUD+LZBvcHelper.m */,
			);
			path = Core;
			sourceTree = "<group>";
		};
		0B6192EE235D5DA600BE3BBA /* HomeVC */ = {
			isa = PBXGroup;
			children = (
				0B6192FE235D7B6D00BE3BBA /* C */,
				0B6192F3235D5DE200BE3BBA /* StoryBoard */,
			);
			path = HomeVC;
			sourceTree = "<group>";
		};
		0B6192EF235D5DAF00BE3BBA /* CTBVC */ = {
			isa = PBXGroup;
			children = (
				0B6192FD235D7B6700BE3BBA /* C */,
				0B6192F2235D5DDD00BE3BBA /* StoryBoard */,
			);
			path = CTBVC;
			sourceTree = "<group>";
		};
		0B6192F0235D5DBB00BE3BBA /* MineVC */ = {
			isa = PBXGroup;
			children = (
				0B6192FC235D7B5500BE3BBA /* C */,
				0B6192F1235D5DD800BE3BBA /* StoryBoard */,
			);
			path = MineVC;
			sourceTree = "<group>";
		};
		0B6192F1235D5DD800BE3BBA /* StoryBoard */ = {
			isa = PBXGroup;
			children = (
				0B6192F6235D5E2300BE3BBA /* Mine.storyboard */,
			);
			path = StoryBoard;
			sourceTree = "<group>";
		};
		0B6192F2235D5DDD00BE3BBA /* StoryBoard */ = {
			isa = PBXGroup;
			children = (
				0B6192F8235D5E3400BE3BBA /* CTB.storyboard */,
			);
			path = StoryBoard;
			sourceTree = "<group>";
		};
		0B6192F3235D5DE200BE3BBA /* StoryBoard */ = {
			isa = PBXGroup;
			children = (
				0B6192FA235D5E4300BE3BBA /* Home.storyboard */,
			);
			path = StoryBoard;
			sourceTree = "<group>";
		};
		0B6192FC235D7B5500BE3BBA /* C */ = {
			isa = PBXGroup;
			children = (
				0B0F6BE22362D00600537128 /* MineViewController.h */,
				0B0F6BE32362D00600537128 /* MineViewController.m */,
			);
			path = C;
			sourceTree = "<group>";
		};
		0B6192FD235D7B6700BE3BBA /* C */ = {
			isa = PBXGroup;
			children = (
				0B619302235D7BC900BE3BBA /* CTBViewController.h */,
				0B619303235D7BC900BE3BBA /* CTBViewController.m */,
			);
			path = C;
			sourceTree = "<group>";
		};
		0B6192FE235D7B6D00BE3BBA /* C */ = {
			isa = PBXGroup;
			children = (
				0B619305235D7BDC00BE3BBA /* HomeViewController.h */,
				0B619306235D7BDC00BE3BBA /* HomeViewController.m */,
				0B0F6BE52362D79000537128 /* HomeDetailViewController.h */,
				0B0F6BE62362D79000537128 /* HomeDetailViewController.m */,
			);
			path = C;
			sourceTree = "<group>";
		};
		0B82015F234DCEAE00D983AE /* Supporting Files */ = {
			isa = PBXGroup;
			children = (
				0BBCD67C234DBFAE00E4970A /* Info.plist */,
				0BBCD67D234DBFAE00E4970A /* main.m */,
				0B92FB5023500F7100D813B3 /* PrefixHeader.pch */,
			);
			path = "Supporting Files";
			sourceTree = "<group>";
		};
		0B820160234DCEE100D983AE /* ViewControllers */ = {
			isa = PBXGroup;
			children = (
				8B4D1C4D23618CD2008B2CCA /* LoginVC */,
				0B6192F0235D5DBB00BE3BBA /* MineVC */,
				0B6192EF235D5DAF00BE3BBA /* CTBVC */,
				0B6192EE235D5DA600BE3BBA /* HomeVC */,
				0B6192E3235D457100BE3BBA /* LZBBase */,
			);
			path = ViewControllers;
			sourceTree = "<group>";
		};
		0B820161234DCEF100D983AE /* Manager */ = {
			isa = PBXGroup;
			children = (
			);
			path = Manager;
			sourceTree = "<group>";
		};
		0B820162234DCEFE00D983AE /* Models */ = {
			isa = PBXGroup;
			children = (
			);
			path = Models;
			sourceTree = "<group>";
		};
		0B820163234DCF0700D983AE /* Request */ = {
			isa = PBXGroup;
			children = (
				0B92FB5923504D2900D813B3 /* LZBNetworking */,
			);
			path = Request;
			sourceTree = "<group>";
		};
		0B820164234DCF1900D983AE /* Utility */ = {
			isa = PBXGroup;
			children = (
				0B0F6BB523601FD500537128 /* Utils */,
				0B6192EA235D58D300BE3BBA /* Core */,
				0B92FB512350165600D813B3 /* LZBMacro */,
				0B820167234EC1C900D983AE /* Category */,
			);
			path = Utility;
			sourceTree = "<group>";
		};
		0B820165234DCF2800D983AE /* Resources */ = {
			isa = PBXGroup;
			children = (
				8B6B6A062362D8C2008B7585 /* BigImage */,
			);
			path = Resources;
			sourceTree = "<group>";
		};
		0B820166234DCF4C00D983AE /* Vendor */ = {
			isa = PBXGroup;
			children = (
			);
			path = Vendor;
			sourceTree = "<group>";
		};
		0B820167234EC1C900D983AE /* Category */ = {
			isa = PBXGroup;
			children = (
				8B6B6A0E2362D905008B7585 /* TextField */,
				0B0F6BDE2362C3CD00537128 /* GradientHelper(View渐变) */,
				0B0F6BBA236020C900537128 /* NSString */,
				0B5E6D4923547264008D9A76 /* LZBColor */,
				0B5E6D4523545D76008D9A76 /* LZBCalendar */,
				0B92FB5A2350812D00D813B3 /* UIFont */,
			);
			path = Category;
			sourceTree = "<group>";
		};
		0B92FB512350165600D813B3 /* LZBMacro */ = {
			isa = PBXGroup;
			children = (
				0B92FB552350175200D813B3 /* LZBMainMacro.h */,
				0B92FB56235028C400D813B3 /* HeaderFile.h */,
				0B92FB57235028FE00D813B3 /* LZBMainColorMacro.h */,
				0B92FB582350291500D813B3 /* LZBMainTextFont.h */,
				0B0F6BE82362E46700537128 /* LZBUtilsMacro.h */,
			);
			path = LZBMacro;
			sourceTree = "<group>";
		};
		0B92FB5923504D2900D813B3 /* LZBNetworking */ = {
			isa = PBXGroup;
			children = (
				0B09920423517A0D001E5389 /* LZBDataEntity.h */,
				0B09920523517A0D001E5389 /* LZBDataEntity.m */,
				0B098C6223519FF3000934EB /* LZBNetManager_OC.h */,
				0B098C632351A077000934EB /* LZBNetManager.h */,
				0B098C642351A077000934EB /* LZBNetManager.m */,
				0B098C662351B942000934EB /* LZBNetManagerCache.h */,
				0B098C672351B942000934EB /* LZBNetManagerCache.m */,
				0B098C692351BFE2000934EB /* UIImage+CompressImage.h */,
				0B098C6A2351BFE2000934EB /* UIImage+CompressImage.m */,
			);
			path = LZBNetworking;
			sourceTree = "<group>";
		};
		0B92FB5A2350812D00D813B3 /* UIFont */ = {
			isa = PBXGroup;
			children = (
				0B92FB5C2350820000D813B3 /* UIFont+LZBExtension.h */,
				0B92FB5D2350820000D813B3 /* UIFont+LZBExtension.m */,
			);
			path = UIFont;
			sourceTree = "<group>";
		};
		0BBCD65F234DBFAD00E4970A = {
			isa = PBXGroup;
			children = (
				0BBCD66A234DBFAD00E4970A /* LZBProject */,
				0BBCD686234DBFAE00E4970A /* LZBProjectTests */,
				0BBCD691234DBFAE00E4970A /* LZBProjectUITests */,
				0BBCD669234DBFAD00E4970A /* Products */,
				6A4B0F9B754FC431EF4EEC13 /* Pods */,
				E891B3A032A33E1398D77910 /* Frameworks */,
			);
			sourceTree = "<group>";
		};
		0BBCD669234DBFAD00E4970A /* Products */ = {
			isa = PBXGroup;
			children = (
				0BBCD668234DBFAD00E4970A /* LZBProject.app */,
				0BBCD683234DBFAE00E4970A /* LZBProjectTests.xctest */,
				0BBCD68E234DBFAE00E4970A /* LZBProjectUITests.xctest */,
			);
			name = Products;
			sourceTree = "<group>";
		};
		0BBCD66A234DBFAD00E4970A /* LZBProject */ = {
			isa = PBXGroup;
			children = (
				0B820166234DCF4C00D983AE /* Vendor */,
				0B820165234DCF2800D983AE /* Resources */,
				0B820164234DCF1900D983AE /* Utility */,
				0B820163234DCF0700D983AE /* Request */,
				0B820162234DCEFE00D983AE /* Models */,
				0B820161234DCEF100D983AE /* Manager */,
				0B820160234DCEE100D983AE /* ViewControllers */,
				0BBCD66B234DBFAD00E4970A /* AppDelegate.h */,
				0BBCD66C234DBFAD00E4970A /* AppDelegate.m */,
				0BBCD66E234DBFAD00E4970A /* SceneDelegate.h */,
				0BBCD66F234DBFAD00E4970A /* SceneDelegate.m */,
				0BBCD671234DBFAD00E4970A /* ViewController.h */,
				0BBCD672234DBFAD00E4970A /* ViewController.m */,
				0BBCD674234DBFAD00E4970A /* Main.storyboard */,
				0BBCD677234DBFAE00E4970A /* Assets.xcassets */,
				0BBCD679234DBFAE00E4970A /* LaunchScreen.storyboard */,
				0B82015F234DCEAE00D983AE /* Supporting Files */,
			);
			path = LZBProject;
			sourceTree = "<group>";
		};
		0BBCD686234DBFAE00E4970A /* LZBProjectTests */ = {
			isa = PBXGroup;
			children = (
				0BBCD687234DBFAE00E4970A /* LZBProjectTests.m */,
				0BBCD689234DBFAE00E4970A /* Info.plist */,
			);
			path = LZBProjectTests;
			sourceTree = "<group>";
		};
		0BBCD691234DBFAE00E4970A /* LZBProjectUITests */ = {
			isa = PBXGroup;
			children = (
				0BBCD692234DBFAE00E4970A /* LZBProjectUITests.m */,
				0BBCD694234DBFAE00E4970A /* Info.plist */,
			);
			path = LZBProjectUITests;
			sourceTree = "<group>";
		};
		6A4B0F9B754FC431EF4EEC13 /* Pods */ = {
			isa = PBXGroup;
			children = (
				099B13D8A8E252E4F18BC6C5 /* Pods-LZBProject.debug.xcconfig */,
				23FB01E150EBC5D9CF6D00A2 /* Pods-LZBProject.release.xcconfig */,
				770848CE74481CA6FF8ECE16 /* Pods-LZBProject-LZBProjectUITests.debug.xcconfig */,
				CBF14C585C96A1396A7EB144 /* Pods-LZBProject-LZBProjectUITests.release.xcconfig */,
				A33E99BEAFCC1F68B0B814EB /* Pods-LZBProjectTests.debug.xcconfig */,
				9AE17617E18522B97D9845A4 /* Pods-LZBProjectTests.release.xcconfig */,
			);
			path = Pods;
			sourceTree = "<group>";
		};
		8B4D1C4D23618CD2008B2CCA /* LoginVC */ = {
			isa = PBXGroup;
			children = (
				8BCD12272361999300BCCB08 /* StoryBoard */,
				8B4D1C4E23618CD2008B2CCA /* M */,
				8B4D1C4F23618CD2008B2CCA /* C */,
				8B4D1C5323618CD2008B2CCA /* V */,
			);
			path = LoginVC;
			sourceTree = "<group>";
		};
		8B4D1C4E23618CD2008B2CCA /* M */ = {
			isa = PBXGroup;
			children = (
			);
			path = M;
			sourceTree = "<group>";
		};
		8B4D1C4F23618CD2008B2CCA /* C */ = {
			isa = PBXGroup;
			children = (
				8B4D1C5223618CD2008B2CCA /* LoginViewController.h */,
				8B4D1C5023618CD2008B2CCA /* LoginViewController.m */,
			);
			path = C;
			sourceTree = "<group>";
		};
		8B4D1C5323618CD2008B2CCA /* V */ = {
			isa = PBXGroup;
			children = (
				8B4D1C5523618CD2008B2CCA /* UserNoticeView.h */,
				8B4D1C5423618CD2008B2CCA /* UserNoticeView.m */,
			);
			path = V;
			sourceTree = "<group>";
		};
		8B6B6A062362D8C2008B7585 /* BigImage */ = {
			isa = PBXGroup;
			children = (
				8B6B6A072362D8C2008B7585 /* login_bg */,
			);
			path = BigImage;
			sourceTree = "<group>";
		};
		8B6B6A072362D8C2008B7585 /* login_bg */ = {
			isa = PBXGroup;
			children = (
				8B6B6A082362D8C2008B7585 /* login_bg@3x.png */,
				8B6B6A092362D8C2008B7585 /* login_bg.png */,
				8B6B6A0A2362D8C2008B7585 /* login_bg@2x.png */,
			);
			path = login_bg;
			sourceTree = "<group>";
		};
		8B6B6A0E2362D905008B7585 /* TextField */ = {
			isa = PBXGroup;
			children = (
				8B6B6A0F2362D905008B7585 /* LYZTextField.m */,
				8B6B6A102362D905008B7585 /* LYZTextField.h */,
			);
			path = TextField;
			sourceTree = "<group>";
		};
		8BCD12272361999300BCCB08 /* StoryBoard */ = {
			isa = PBXGroup;
			children = (
				8BCD1225236192F600BCCB08 /* Login.storyboard */,
			);
			path = StoryBoard;
			sourceTree = "<group>";
		};
		E891B3A032A33E1398D77910 /* Frameworks */ = {
			isa = PBXGroup;
			children = (
				0B92FB62235087A500D813B3 /* UIKit.framework */,
				EDB157E39B72C782CE1C605C /* Pods_LZBProject.framework */,
				C550EACB8D5970549A539515 /* Pods_LZBProject_LZBProjectUITests.framework */,
				577831C8F43BC61BE0D68512 /* Pods_LZBProjectTests.framework */,
			);
			name = Frameworks;
			sourceTree = "<group>";
		};
/* End PBXGroup section */

/* Begin PBXNativeTarget section */
		0BBCD667234DBFAD00E4970A /* LZBProject */ = {
			isa = PBXNativeTarget;
			buildConfigurationList = 0BBCD697234DBFAE00E4970A /* Build configuration list for PBXNativeTarget "LZBProject" */;
			buildPhases = (
				41636D189228C599B0800B93 /* [CP] Check Pods Manifest.lock */,
				0BBCD664234DBFAD00E4970A /* Sources */,
				0BBCD665234DBFAD00E4970A /* Frameworks */,
				0BBCD666234DBFAD00E4970A /* Resources */,
				23CCA65342CA380BB447A621 /* [CP] Embed Pods Frameworks */,
			);
			buildRules = (
			);
			dependencies = (
			);
			name = LZBProject;
			productName = LZBProject;
			productReference = 0BBCD668234DBFAD00E4970A /* LZBProject.app */;
			productType = "com.apple.product-type.application";
		};
		0BBCD682234DBFAE00E4970A /* LZBProjectTests */ = {
			isa = PBXNativeTarget;
			buildConfigurationList = 0BBCD69A234DBFAE00E4970A /* Build configuration list for PBXNativeTarget "LZBProjectTests" */;
			buildPhases = (
				691C803D8790257FF8E4CA2A /* [CP] Check Pods Manifest.lock */,
				0BBCD67F234DBFAE00E4970A /* Sources */,
				0BBCD680234DBFAE00E4970A /* Frameworks */,
				0BBCD681234DBFAE00E4970A /* Resources */,
			);
			buildRules = (
			);
			dependencies = (
				0BBCD685234DBFAE00E4970A /* PBXTargetDependency */,
			);
			name = LZBProjectTests;
			productName = LZBProjectTests;
			productReference = 0BBCD683234DBFAE00E4970A /* LZBProjectTests.xctest */;
			productType = "com.apple.product-type.bundle.unit-test";
		};
		0BBCD68D234DBFAE00E4970A /* LZBProjectUITests */ = {
			isa = PBXNativeTarget;
			buildConfigurationList = 0BBCD69D234DBFAE00E4970A /* Build configuration list for PBXNativeTarget "LZBProjectUITests" */;
			buildPhases = (
				A6EF52AE7E01BF010CA839E0 /* [CP] Check Pods Manifest.lock */,
				0BBCD68A234DBFAE00E4970A /* Sources */,
				0BBCD68B234DBFAE00E4970A /* Frameworks */,
				0BBCD68C234DBFAE00E4970A /* Resources */,
				1B0F76FBD679E2885AB26990 /* [CP] Embed Pods Frameworks */,
			);
			buildRules = (
			);
			dependencies = (
				0BBCD690234DBFAE00E4970A /* PBXTargetDependency */,
			);
			name = LZBProjectUITests;
			productName = LZBProjectUITests;
			productReference = 0BBCD68E234DBFAE00E4970A /* LZBProjectUITests.xctest */;
			productType = "com.apple.product-type.bundle.ui-testing";
		};
/* End PBXNativeTarget section */

/* Begin PBXProject section */
		0BBCD660234DBFAD00E4970A /* Project object */ = {
			isa = PBXProject;
			attributes = {
				LastUpgradeCheck = 1110;
				ORGANIZATIONNAME = hicity;
				TargetAttributes = {
					0BBCD667234DBFAD00E4970A = {
						CreatedOnToolsVersion = 11.1;
					};
					0BBCD682234DBFAE00E4970A = {
						CreatedOnToolsVersion = 11.1;
						TestTargetID = 0BBCD667234DBFAD00E4970A;
					};
					0BBCD68D234DBFAE00E4970A = {
						CreatedOnToolsVersion = 11.1;
						TestTargetID = 0BBCD667234DBFAD00E4970A;
					};
				};
			};
			buildConfigurationList = 0BBCD663234DBFAD00E4970A /* Build configuration list for PBXProject "LZBProject" */;
			compatibilityVersion = "Xcode 9.3";
			developmentRegion = en;
			hasScannedForEncodings = 0;
			knownRegions = (
				en,
				Base,
			);
			mainGroup = 0BBCD65F234DBFAD00E4970A;
			productRefGroup = 0BBCD669234DBFAD00E4970A /* Products */;
			projectDirPath = "";
			projectRoot = "";
			targets = (
				0BBCD667234DBFAD00E4970A /* LZBProject */,
				0BBCD682234DBFAE00E4970A /* LZBProjectTests */,
				0BBCD68D234DBFAE00E4970A /* LZBProjectUITests */,
			);
		};
/* End PBXProject section */

/* Begin PBXResourcesBuildPhase section */
		0BBCD666234DBFAD00E4970A /* Resources */ = {
			isa = PBXResourcesBuildPhase;
			buildActionMask = 2147483647;
			files = (
				8BCD1226236192F600BCCB08 /* Login.storyboard in Resources */,
				0B6192FB235D5E4300BE3BBA /* Home.storyboard in Resources */,
				8B6B6A0D2362D8C2008B7585 /* login_bg@2x.png in Resources */,
				8B6B6A0B2362D8C2008B7585 /* login_bg@3x.png in Resources */,
				0B6192F9235D5E3400BE3BBA /* CTB.storyboard in Resources */,
				0BBCD67B234DBFAE00E4970A /* LaunchScreen.storyboard in Resources */,
				0BBE47752359989500D30C4B /* LXCalenderCell.xib in Resources */,
				8B6B6A0C2362D8C2008B7585 /* login_bg.png in Resources */,
				0B6192F7235D5E2300BE3BBA /* Mine.storyboard in Resources */,
				0BBCD678234DBFAE00E4970A /* Assets.xcassets in Resources */,
				0BBCD676234DBFAD00E4970A /* Main.storyboard in Resources */,
			);
			runOnlyForDeploymentPostprocessing = 0;
		};
		0BBCD681234DBFAE00E4970A /* Resources */ = {
			isa = PBXResourcesBuildPhase;
			buildActionMask = 2147483647;
			files = (
			);
			runOnlyForDeploymentPostprocessing = 0;
		};
		0BBCD68C234DBFAE00E4970A /* Resources */ = {
			isa = PBXResourcesBuildPhase;
			buildActionMask = 2147483647;
			files = (
			);
			runOnlyForDeploymentPostprocessing = 0;
		};
/* End PBXResourcesBuildPhase section */

/* Begin PBXShellScriptBuildPhase section */
		1B0F76FBD679E2885AB26990 /* [CP] Embed Pods Frameworks */ = {
			isa = PBXShellScriptBuildPhase;
			buildActionMask = 2147483647;
			files = (
			);
			inputFileListPaths = (
				"${PODS_ROOT}/Target Support Files/Pods-LZBProject-LZBProjectUITests/Pods-LZBProject-LZBProjectUITests-frameworks-${CONFIGURATION}-input-files.xcfilelist",
			);
			name = "[CP] Embed Pods Frameworks";
			outputFileListPaths = (
				"${PODS_ROOT}/Target Support Files/Pods-LZBProject-LZBProjectUITests/Pods-LZBProject-LZBProjectUITests-frameworks-${CONFIGURATION}-output-files.xcfilelist",
			);
			runOnlyForDeploymentPostprocessing = 0;
			shellPath = /bin/sh;
			shellScript = "\"${PODS_ROOT}/Target Support Files/Pods-LZBProject-LZBProjectUITests/Pods-LZBProject-LZBProjectUITests-frameworks.sh\"\n";
			showEnvVarsInLog = 0;
		};
		23CCA65342CA380BB447A621 /* [CP] Embed Pods Frameworks */ = {
			isa = PBXShellScriptBuildPhase;
			buildActionMask = 2147483647;
			files = (
			);
			inputFileListPaths = (
				"${PODS_ROOT}/Target Support Files/Pods-LZBProject/Pods-LZBProject-frameworks-${CONFIGURATION}-input-files.xcfilelist",
			);
			name = "[CP] Embed Pods Frameworks";
			outputFileListPaths = (
				"${PODS_ROOT}/Target Support Files/Pods-LZBProject/Pods-LZBProject-frameworks-${CONFIGURATION}-output-files.xcfilelist",
			);
			runOnlyForDeploymentPostprocessing = 0;
			shellPath = /bin/sh;
			shellScript = "\"${PODS_ROOT}/Target Support Files/Pods-LZBProject/Pods-LZBProject-frameworks.sh\"\n";
			showEnvVarsInLog = 0;
		};
		41636D189228C599B0800B93 /* [CP] Check Pods Manifest.lock */ = {
			isa = PBXShellScriptBuildPhase;
			buildActionMask = 2147483647;
			files = (
			);
			inputFileListPaths = (
			);
			inputPaths = (
				"${PODS_PODFILE_DIR_PATH}/Podfile.lock",
				"${PODS_ROOT}/Manifest.lock",
			);
			name = "[CP] Check Pods Manifest.lock";
			outputFileListPaths = (
			);
			outputPaths = (
				"$(DERIVED_FILE_DIR)/Pods-LZBProject-checkManifestLockResult.txt",
			);
			runOnlyForDeploymentPostprocessing = 0;
			shellPath = /bin/sh;
			shellScript = "diff \"${PODS_PODFILE_DIR_PATH}/Podfile.lock\" \"${PODS_ROOT}/Manifest.lock\" > /dev/null\nif [ $? != 0 ] ; then\n    # print error to STDERR\n    echo \"error: The sandbox is not in sync with the Podfile.lock. Run 'pod install' or update your CocoaPods installation.\" >&2\n    exit 1\nfi\n# This output is used by Xcode 'outputs' to avoid re-running this script phase.\necho \"SUCCESS\" > \"${SCRIPT_OUTPUT_FILE_0}\"\n";
			showEnvVarsInLog = 0;
		};
		691C803D8790257FF8E4CA2A /* [CP] Check Pods Manifest.lock */ = {
			isa = PBXShellScriptBuildPhase;
			buildActionMask = 2147483647;
			files = (
			);
			inputFileListPaths = (
			);
			inputPaths = (
				"${PODS_PODFILE_DIR_PATH}/Podfile.lock",
				"${PODS_ROOT}/Manifest.lock",
			);
			name = "[CP] Check Pods Manifest.lock";
			outputFileListPaths = (
			);
			outputPaths = (
				"$(DERIVED_FILE_DIR)/Pods-LZBProjectTests-checkManifestLockResult.txt",
			);
			runOnlyForDeploymentPostprocessing = 0;
			shellPath = /bin/sh;
			shellScript = "diff \"${PODS_PODFILE_DIR_PATH}/Podfile.lock\" \"${PODS_ROOT}/Manifest.lock\" > /dev/null\nif [ $? != 0 ] ; then\n    # print error to STDERR\n    echo \"error: The sandbox is not in sync with the Podfile.lock. Run 'pod install' or update your CocoaPods installation.\" >&2\n    exit 1\nfi\n# This output is used by Xcode 'outputs' to avoid re-running this script phase.\necho \"SUCCESS\" > \"${SCRIPT_OUTPUT_FILE_0}\"\n";
			showEnvVarsInLog = 0;
		};
		A6EF52AE7E01BF010CA839E0 /* [CP] Check Pods Manifest.lock */ = {
			isa = PBXShellScriptBuildPhase;
			buildActionMask = 2147483647;
			files = (
			);
			inputFileListPaths = (
			);
			inputPaths = (
				"${PODS_PODFILE_DIR_PATH}/Podfile.lock",
				"${PODS_ROOT}/Manifest.lock",
			);
			name = "[CP] Check Pods Manifest.lock";
			outputFileListPaths = (
			);
			outputPaths = (
				"$(DERIVED_FILE_DIR)/Pods-LZBProject-LZBProjectUITests-checkManifestLockResult.txt",
			);
			runOnlyForDeploymentPostprocessing = 0;
			shellPath = /bin/sh;
			shellScript = "diff \"${PODS_PODFILE_DIR_PATH}/Podfile.lock\" \"${PODS_ROOT}/Manifest.lock\" > /dev/null\nif [ $? != 0 ] ; then\n    # print error to STDERR\n    echo \"error: The sandbox is not in sync with the Podfile.lock. Run 'pod install' or update your CocoaPods installation.\" >&2\n    exit 1\nfi\n# This output is used by Xcode 'outputs' to avoid re-running this script phase.\necho \"SUCCESS\" > \"${SCRIPT_OUTPUT_FILE_0}\"\n";
			showEnvVarsInLog = 0;
		};
/* End PBXShellScriptBuildPhase section */

/* Begin PBXSourcesBuildPhase section */
		0BBCD664234DBFAD00E4970A /* Sources */ = {
			isa = PBXSourcesBuildPhase;
			buildActionMask = 2147483647;
			files = (
				0B5E6D4823545DC7008D9A76 /* LZBCalendar.m in Sources */,
				0BBE4770235990A100D30C4B /* LZBCalendarDayModel.m in Sources */,
				0BBCD673234DBFAD00E4970A /* ViewController.m in Sources */,
				0B619307235D7BDC00BE3BBA /* HomeViewController.m in Sources */,
				0B4945D52357258500F19EE2 /* TriangleView.m in Sources */,
				0B17674223584758008979C5 /* LZBCalendarMonth.m in Sources */,
				8B4D1C5823618CD2008B2CCA /* UserNoticeView.m in Sources */,
				0BBCD66D234DBFAD00E4970A /* AppDelegate.m in Sources */,
				0BBE47782359B0FD00D30C4B /* LZBBaseViewController.m in Sources */,
				0B5E6D4C2354728A008D9A76 /* UIColor+lzbColor.m in Sources */,
				0BBE476D235959C400D30C4B /* LZBCalendarWeekView.m in Sources */,
				0BBCD67E234DBFAE00E4970A /* main.m in Sources */,
				0BBE476A235959A600D30C4B /* LZBCalendarHeaderView.m in Sources */,
				8B6B6A112362D905008B7585 /* LYZTextField.m in Sources */,
				0B0F6BDD236294EE00537128 /* LZB_TabBar.m in Sources */,
				0B6192E6235D570B00BE3BBA /* LZBBaseNavigationController.m in Sources */,
				8B4D1C5623618CD2008B2CCA /* LoginViewController.m in Sources */,
				0B098C652351A077000934EB /* LZBNetManager.m in Sources */,
				0B619304235D7BC900BE3BBA /* CTBViewController.m in Sources */,
				0B0F6BD72361A90400537128 /* LZB_TabBarBadge.m in Sources */,
				0B17673F2358471E008979C5 /* NSDate+LZBCalendar.m in Sources */,
				0B09920623517A0D001E5389 /* LZBDataEntity.m in Sources */,
				0B098C682351B942000934EB /* LZBNetManagerCache.m in Sources */,
				0B0F6BE42362D00600537128 /* MineViewController.m in Sources */,
				0B0F6BDA2361B43B00537128 /* LZB_TabBarItem.m in Sources */,
				0B0F6BE72362D79000537128 /* HomeDetailViewController.m in Sources */,
				0B0F6BB823601FF200537128 /* Utils.m in Sources */,
				0B0F6BB423601F5D00537128 /* MBProgressHUD+LZBvcHelper.m in Sources */,
				0BBE47742359989500D30C4B /* LXCalenderCell.m in Sources */,
				0BBCD670234DBFAD00E4970A /* SceneDelegate.m in Sources */,
				0B6192E9235D573600BE3BBA /* LZBBaseTabBarController.m in Sources */,
				0B0F6BAE23601E3A00537128 /* UIViewController+HUD.m in Sources */,
				0B0F6BE12362C3F500537128 /* WHGradientHelper.m in Sources */,
				0B92FB5E2350820000D813B3 /* UIFont+LZBExtension.m in Sources */,
				0B098C6B2351BFE2000934EB /* UIImage+CompressImage.m in Sources */,
				0B6192ED235D58E600BE3BBA /* UINavigationBar+handle.m in Sources */,
				0B0F6BBD236020F300537128 /* NSString+LZBValid.m in Sources */,
			);
			runOnlyForDeploymentPostprocessing = 0;
		};
		0BBCD67F234DBFAE00E4970A /* Sources */ = {
			isa = PBXSourcesBuildPhase;
			buildActionMask = 2147483647;
			files = (
				0BBCD688234DBFAE00E4970A /* LZBProjectTests.m in Sources */,
			);
			runOnlyForDeploymentPostprocessing = 0;
		};
		0BBCD68A234DBFAE00E4970A /* Sources */ = {
			isa = PBXSourcesBuildPhase;
			buildActionMask = 2147483647;
			files = (
				0BBCD693234DBFAE00E4970A /* LZBProjectUITests.m in Sources */,
			);
			runOnlyForDeploymentPostprocessing = 0;
		};
/* End PBXSourcesBuildPhase section */

/* Begin PBXTargetDependency section */
		0BBCD685234DBFAE00E4970A /* PBXTargetDependency */ = {
			isa = PBXTargetDependency;
			target = 0BBCD667234DBFAD00E4970A /* LZBProject */;
			targetProxy = 0BBCD684234DBFAE00E4970A /* PBXContainerItemProxy */;
		};
		0BBCD690234DBFAE00E4970A /* PBXTargetDependency */ = {
			isa = PBXTargetDependency;
			target = 0BBCD667234DBFAD00E4970A /* LZBProject */;
			targetProxy = 0BBCD68F234DBFAE00E4970A /* PBXContainerItemProxy */;
		};
/* End PBXTargetDependency section */

/* Begin PBXVariantGroup section */
		0BBCD674234DBFAD00E4970A /* Main.storyboard */ = {
			isa = PBXVariantGroup;
			children = (
				0BBCD675234DBFAD00E4970A /* Base */,
			);
			name = Main.storyboard;
			sourceTree = "<group>";
		};
		0BBCD679234DBFAE00E4970A /* LaunchScreen.storyboard */ = {
			isa = PBXVariantGroup;
			children = (
				0BBCD67A234DBFAE00E4970A /* Base */,
			);
			name = LaunchScreen.storyboard;
			sourceTree = "<group>";
		};
/* End PBXVariantGroup section */

/* Begin XCBuildConfiguration section */
		0BBCD695234DBFAE00E4970A /* Debug */ = {
			isa = XCBuildConfiguration;
			buildSettings = {
				ALWAYS_SEARCH_USER_PATHS = NO;
				CLANG_ANALYZER_NONNULL = YES;
				CLANG_ANALYZER_NUMBER_OBJECT_CONVERSION = YES_AGGRESSIVE;
				CLANG_CXX_LANGUAGE_STANDARD = "gnu++14";
				CLANG_CXX_LIBRARY = "libc++";
				CLANG_ENABLE_MODULES = YES;
				CLANG_ENABLE_OBJC_ARC = YES;
				CLANG_ENABLE_OBJC_WEAK = YES;
				CLANG_WARN_BLOCK_CAPTURE_AUTORELEASING = YES;
				CLANG_WARN_BOOL_CONVERSION = YES;
				CLANG_WARN_COMMA = YES;
				CLANG_WARN_CONSTANT_CONVERSION = YES;
				CLANG_WARN_DEPRECATED_OBJC_IMPLEMENTATIONS = YES;
				CLANG_WARN_DIRECT_OBJC_ISA_USAGE = YES_ERROR;
				CLANG_WARN_DOCUMENTATION_COMMENTS = YES;
				CLANG_WARN_EMPTY_BODY = YES;
				CLANG_WARN_ENUM_CONVERSION = YES;
				CLANG_WARN_INFINITE_RECURSION = YES;
				CLANG_WARN_INT_CONVERSION = YES;
				CLANG_WARN_NON_LITERAL_NULL_CONVERSION = YES;
				CLANG_WARN_OBJC_IMPLICIT_RETAIN_SELF = YES;
				CLANG_WARN_OBJC_LITERAL_CONVERSION = YES;
				CLANG_WARN_OBJC_ROOT_CLASS = YES_ERROR;
				CLANG_WARN_RANGE_LOOP_ANALYSIS = YES;
				CLANG_WARN_STRICT_PROTOTYPES = YES;
				CLANG_WARN_SUSPICIOUS_MOVE = YES;
				CLANG_WARN_UNGUARDED_AVAILABILITY = YES_AGGRESSIVE;
				CLANG_WARN_UNREACHABLE_CODE = YES;
				CLANG_WARN__DUPLICATE_METHOD_MATCH = YES;
				COPY_PHASE_STRIP = NO;
				DEBUG_INFORMATION_FORMAT = dwarf;
				ENABLE_STRICT_OBJC_MSGSEND = YES;
				ENABLE_TESTABILITY = YES;
				GCC_C_LANGUAGE_STANDARD = gnu11;
				GCC_DYNAMIC_NO_PIC = NO;
				GCC_NO_COMMON_BLOCKS = YES;
				GCC_OPTIMIZATION_LEVEL = 0;
				GCC_PREPROCESSOR_DEFINITIONS = (
					"DEBUG=1",
					"$(inherited)",
				);
				GCC_WARN_64_TO_32_BIT_CONVERSION = YES;
				GCC_WARN_ABOUT_RETURN_TYPE = YES_ERROR;
				GCC_WARN_UNDECLARED_SELECTOR = YES;
				GCC_WARN_UNINITIALIZED_AUTOS = YES_AGGRESSIVE;
				GCC_WARN_UNUSED_FUNCTION = YES;
				GCC_WARN_UNUSED_VARIABLE = YES;
				IPHONEOS_DEPLOYMENT_TARGET = 9.0;
				MTL_ENABLE_DEBUG_INFO = INCLUDE_SOURCE;
				MTL_FAST_MATH = YES;
				ONLY_ACTIVE_ARCH = YES;
				SDKROOT = iphoneos;
			};
			name = Debug;
		};
		0BBCD696234DBFAE00E4970A /* Release */ = {
			isa = XCBuildConfiguration;
			buildSettings = {
				ALWAYS_SEARCH_USER_PATHS = NO;
				CLANG_ANALYZER_NONNULL = YES;
				CLANG_ANALYZER_NUMBER_OBJECT_CONVERSION = YES_AGGRESSIVE;
				CLANG_CXX_LANGUAGE_STANDARD = "gnu++14";
				CLANG_CXX_LIBRARY = "libc++";
				CLANG_ENABLE_MODULES = YES;
				CLANG_ENABLE_OBJC_ARC = YES;
				CLANG_ENABLE_OBJC_WEAK = YES;
				CLANG_WARN_BLOCK_CAPTURE_AUTORELEASING = YES;
				CLANG_WARN_BOOL_CONVERSION = YES;
				CLANG_WARN_COMMA = YES;
				CLANG_WARN_CONSTANT_CONVERSION = YES;
				CLANG_WARN_DEPRECATED_OBJC_IMPLEMENTATIONS = YES;
				CLANG_WARN_DIRECT_OBJC_ISA_USAGE = YES_ERROR;
				CLANG_WARN_DOCUMENTATION_COMMENTS = YES;
				CLANG_WARN_EMPTY_BODY = YES;
				CLANG_WARN_ENUM_CONVERSION = YES;
				CLANG_WARN_INFINITE_RECURSION = YES;
				CLANG_WARN_INT_CONVERSION = YES;
				CLANG_WARN_NON_LITERAL_NULL_CONVERSION = YES;
				CLANG_WARN_OBJC_IMPLICIT_RETAIN_SELF = YES;
				CLANG_WARN_OBJC_LITERAL_CONVERSION = YES;
				CLANG_WARN_OBJC_ROOT_CLASS = YES_ERROR;
				CLANG_WARN_RANGE_LOOP_ANALYSIS = YES;
				CLANG_WARN_STRICT_PROTOTYPES = YES;
				CLANG_WARN_SUSPICIOUS_MOVE = YES;
				CLANG_WARN_UNGUARDED_AVAILABILITY = YES_AGGRESSIVE;
				CLANG_WARN_UNREACHABLE_CODE = YES;
				CLANG_WARN__DUPLICATE_METHOD_MATCH = YES;
				COPY_PHASE_STRIP = NO;
				DEBUG_INFORMATION_FORMAT = "dwarf-with-dsym";
				ENABLE_NS_ASSERTIONS = NO;
				ENABLE_STRICT_OBJC_MSGSEND = YES;
				GCC_C_LANGUAGE_STANDARD = gnu11;
				GCC_NO_COMMON_BLOCKS = YES;
				GCC_WARN_64_TO_32_BIT_CONVERSION = YES;
				GCC_WARN_ABOUT_RETURN_TYPE = YES_ERROR;
				GCC_WARN_UNDECLARED_SELECTOR = YES;
				GCC_WARN_UNINITIALIZED_AUTOS = YES_AGGRESSIVE;
				GCC_WARN_UNUSED_FUNCTION = YES;
				GCC_WARN_UNUSED_VARIABLE = YES;
				IPHONEOS_DEPLOYMENT_TARGET = 9.0;
				MTL_ENABLE_DEBUG_INFO = NO;
				MTL_FAST_MATH = YES;
				SDKROOT = iphoneos;
				VALIDATE_PRODUCT = YES;
			};
			name = Release;
		};
		0BBCD698234DBFAE00E4970A /* Debug */ = {
			isa = XCBuildConfiguration;
			baseConfigurationReference = 099B13D8A8E252E4F18BC6C5 /* Pods-LZBProject.debug.xcconfig */;
			buildSettings = {
				ASSETCATALOG_COMPILER_APPICON_NAME = AppIcon;
				CODE_SIGN_STYLE = Automatic;
				DEVELOPMENT_TEAM = Z2N4GZ9GVH;
				GCC_PRECOMPILE_PREFIX_HEADER = YES;
				GCC_PREFIX_HEADER = "$(SRCROOT)/LZBProject/Supporting Files/PrefixHeader.pch";
				INFOPLIST_FILE = LZBProject/Info.plist;
				IPHONEOS_DEPLOYMENT_TARGET = 10.0;
				LD_RUNPATH_SEARCH_PATHS = (
					"$(inherited)",
					"@executable_path/Frameworks",
				);
				PRODUCT_BUNDLE_IDENTIFIER = com.abnert.lzbStudent;
				PRODUCT_NAME = "$(TARGET_NAME)";
				TARGETED_DEVICE_FAMILY = 1;
			};
			name = Debug;
		};
		0BBCD699234DBFAE00E4970A /* Release */ = {
			isa = XCBuildConfiguration;
			baseConfigurationReference = 23FB01E150EBC5D9CF6D00A2 /* Pods-LZBProject.release.xcconfig */;
			buildSettings = {
				ASSETCATALOG_COMPILER_APPICON_NAME = AppIcon;
				CODE_SIGN_STYLE = Automatic;
				DEVELOPMENT_TEAM = Z2N4GZ9GVH;
				GCC_PRECOMPILE_PREFIX_HEADER = YES;
				GCC_PREFIX_HEADER = "$(SRCROOT)/LZBProject/Supporting Files/PrefixHeader.pch";
				INFOPLIST_FILE = LZBProject/Info.plist;
				IPHONEOS_DEPLOYMENT_TARGET = 10.0;
				LD_RUNPATH_SEARCH_PATHS = (
					"$(inherited)",
					"@executable_path/Frameworks",
				);
				PRODUCT_BUNDLE_IDENTIFIER = com.abnert.lzbStudent;
				PRODUCT_NAME = "$(TARGET_NAME)";
				TARGETED_DEVICE_FAMILY = 1;
			};
			name = Release;
		};
		0BBCD69B234DBFAE00E4970A /* Debug */ = {
			isa = XCBuildConfiguration;
			baseConfigurationReference = A33E99BEAFCC1F68B0B814EB /* Pods-LZBProjectTests.debug.xcconfig */;
			buildSettings = {
				BUNDLE_LOADER = "$(TEST_HOST)";
				CODE_SIGN_STYLE = Automatic;
				INFOPLIST_FILE = LZBProjectTests/Info.plist;
				IPHONEOS_DEPLOYMENT_TARGET = 13.1;
				LD_RUNPATH_SEARCH_PATHS = (
					"$(inherited)",
					"@executable_path/Frameworks",
					"@loader_path/Frameworks",
				);
				PRODUCT_BUNDLE_IDENTIFIER = com.bjabn.LZBProjectTests;
				PRODUCT_NAME = "$(TARGET_NAME)";
				TARGETED_DEVICE_FAMILY = "1,2";
				TEST_HOST = "$(BUILT_PRODUCTS_DIR)/LZBProject.app/LZBProject";
			};
			name = Debug;
		};
		0BBCD69C234DBFAE00E4970A /* Release */ = {
			isa = XCBuildConfiguration;
			baseConfigurationReference = 9AE17617E18522B97D9845A4 /* Pods-LZBProjectTests.release.xcconfig */;
			buildSettings = {
				BUNDLE_LOADER = "$(TEST_HOST)";
				CODE_SIGN_STYLE = Automatic;
				INFOPLIST_FILE = LZBProjectTests/Info.plist;
				IPHONEOS_DEPLOYMENT_TARGET = 13.1;
				LD_RUNPATH_SEARCH_PATHS = (
					"$(inherited)",
					"@executable_path/Frameworks",
					"@loader_path/Frameworks",
				);
				PRODUCT_BUNDLE_IDENTIFIER = com.bjabn.LZBProjectTests;
				PRODUCT_NAME = "$(TARGET_NAME)";
				TARGETED_DEVICE_FAMILY = "1,2";
				TEST_HOST = "$(BUILT_PRODUCTS_DIR)/LZBProject.app/LZBProject";
			};
			name = Release;
		};
		0BBCD69E234DBFAE00E4970A /* Debug */ = {
			isa = XCBuildConfiguration;
			baseConfigurationReference = 770848CE74481CA6FF8ECE16 /* Pods-LZBProject-LZBProjectUITests.debug.xcconfig */;
			buildSettings = {
				CODE_SIGN_STYLE = Automatic;
				INFOPLIST_FILE = LZBProjectUITests/Info.plist;
				LD_RUNPATH_SEARCH_PATHS = (
					"$(inherited)",
					"@executable_path/Frameworks",
					"@loader_path/Frameworks",
				);
				PRODUCT_BUNDLE_IDENTIFIER = com.bjabn.LZBProjectUITests;
				PRODUCT_NAME = "$(TARGET_NAME)";
				TARGETED_DEVICE_FAMILY = "1,2";
				TEST_TARGET_NAME = LZBProject;
			};
			name = Debug;
		};
		0BBCD69F234DBFAE00E4970A /* Release */ = {
			isa = XCBuildConfiguration;
			baseConfigurationReference = CBF14C585C96A1396A7EB144 /* Pods-LZBProject-LZBProjectUITests.release.xcconfig */;
			buildSettings = {
				CODE_SIGN_STYLE = Automatic;
				INFOPLIST_FILE = LZBProjectUITests/Info.plist;
				LD_RUNPATH_SEARCH_PATHS = (
					"$(inherited)",
					"@executable_path/Frameworks",
					"@loader_path/Frameworks",
				);
				PRODUCT_BUNDLE_IDENTIFIER = com.bjabn.LZBProjectUITests;
				PRODUCT_NAME = "$(TARGET_NAME)";
				TARGETED_DEVICE_FAMILY = "1,2";
				TEST_TARGET_NAME = LZBProject;
			};
			name = Release;
		};
/* End XCBuildConfiguration section */

/* Begin XCConfigurationList section */
		0BBCD663234DBFAD00E4970A /* Build configuration list for PBXProject "LZBProject" */ = {
			isa = XCConfigurationList;
			buildConfigurations = (
				0BBCD695234DBFAE00E4970A /* Debug */,
				0BBCD696234DBFAE00E4970A /* Release */,
			);
			defaultConfigurationIsVisible = 0;
			defaultConfigurationName = Release;
		};
		0BBCD697234DBFAE00E4970A /* Build configuration list for PBXNativeTarget "LZBProject" */ = {
			isa = XCConfigurationList;
			buildConfigurations = (
				0BBCD698234DBFAE00E4970A /* Debug */,
				0BBCD699234DBFAE00E4970A /* Release */,
			);
			defaultConfigurationIsVisible = 0;
			defaultConfigurationName = Release;
		};
		0BBCD69A234DBFAE00E4970A /* Build configuration list for PBXNativeTarget "LZBProjectTests" */ = {
			isa = XCConfigurationList;
			buildConfigurations = (
				0BBCD69B234DBFAE00E4970A /* Debug */,
				0BBCD69C234DBFAE00E4970A /* Release */,
			);
			defaultConfigurationIsVisible = 0;
			defaultConfigurationName = Release;
		};
		0BBCD69D234DBFAE00E4970A /* Build configuration list for PBXNativeTarget "LZBProjectUITests" */ = {
			isa = XCConfigurationList;
			buildConfigurations = (
				0BBCD69E234DBFAE00E4970A /* Debug */,
				0BBCD69F234DBFAE00E4970A /* Release */,
			);
			defaultConfigurationIsVisible = 0;
			defaultConfigurationName = Release;
		};
/* End XCConfigurationList section */
	};
	rootObject = 0BBCD660234DBFAD00E4970A /* Project object */;
}
